
Microsoft Visual Studio Solution File, Format Version 12.00
# Visual Studio Version 17
VisualStudioVersion = 17.9.34728.123
MinimumVisualStudioVersion = 10.0.40219.1
Project("{FAE04EC0-301F-11D3-BF4B-00C04F79EFBC}") = "BulkyWeb", "BulkyWeb\BulkyWeb.csproj", "{DE669208-5DA0-4976-B328-29D4D523EA70}"
EndProject
Global
	GlobalSection(SolutionConfigurationPlatforms) = preSolution
		Debug|Any CPU = Debug|Any CPU
		Release|Any CPU = Release|Any CPU
	EndGlobalSection
	GlobalSection(ProjectConfigurationPlatforms) = postSolution
		{DE669208-5DA0-4976-B328-29D4D523EA70}.Debug|Any CPU.ActiveCfg = Debug|Any CPU
		{DE669208-5DA0-4976-B328-29D4D523EA70}.Debug|Any CPU.Build.0 = Debug|Any CPU
		{DE669208-5DA0-4976-B328-29D4D523EA70}.Release|Any CPU.ActiveCfg = Release|Any CPU
		{DE669208-5DA0-4976-B328-29D4D523EA70}.Release|Any CPU.Build.0 = Release|Any CPU
	EndGlobalSection
	GlobalSection(SolutionProperties) = preSolution
		HideSolutionNode = FALSE
	EndGlobalSection
	GlobalSection(ExtensibilityGlobals) = postSolution
		SolutionGuid = {1AE84278-2871-426C-B0F4-87A68F9BABD2}
	EndGlobalSection
EndGlobal
